
Microsoft Visual Studio Solution File, Format Version 12.00
# Visual Studio Version 17
VisualStudioVersion = 17.9.34701.34
MinimumVisualStudioVersion = 10.0.40219.1
Project("{FAE04EC0-301F-11D3-BF4B-00C04F79EFBC}") = "Social_Network_asp_net_core", "Social_Network_asp_net_core\Social_Network_asp_net_core.csproj", "{742A7F4A-F0FF-402E-9577-92E10F0CB29B}"
EndProject
Global
	GlobalSection(SolutionConfigurationPlatforms) = preSolution
		Debug|Any CPU = Debug|Any CPU
		Release|Any CPU = Release|Any CPU
	EndGlobalSection
	GlobalSection(ProjectConfigurationPlatforms) = postSolution
		{742A7F4A-F0FF-402E-9577-92E10F0CB29B}.Debug|Any CPU.ActiveCfg = Debug|Any CPU
		{742A7F4A-F0FF-402E-9577-92E10F0CB29B}.Debug|Any CPU.Build.0 = Debug|Any CPU
		{742A7F4A-F0FF-402E-9577-92E10F0CB29B}.Release|Any CPU.ActiveCfg = Release|Any CPU
		{742A7F4A-F0FF-402E-9577-92E10F0CB29B}.Release|Any CPU.Build.0 = Release|Any CPU
	EndGlobalSection
	GlobalSection(SolutionProperties) = preSolution
		HideSolutionNode = FALSE
	EndGlobalSection
	GlobalSection(ExtensibilityGlobals) = postSolution
		SolutionGuid = {810B5663-06A6-43FF-B76A-2346628B4B89}
	EndGlobalSection
EndGlobal
